// !$*UTF8*$!
{
	archiveVersion = 1;
	classes = {
	};
	objectVersion = 55;
	objects = {

/* Begin PBXBuildFile section */
		37C1E1ED296EE6A1001627CA /* AppDelegate.swift in Sources */ = {isa = PBXBuildFile; fileRef = 37C1E1EC296EE6A1001627CA /* AppDelegate.swift */; };
		37C1E1EF296EE6A1001627CA /* SceneDelegate.swift in Sources */ = {isa = PBXBuildFile; fileRef = 37C1E1EE296EE6A1001627CA /* SceneDelegate.swift */; };
		37C1E1F4296EE6A1001627CA /* Main.storyboard in Resources */ = {isa = PBXBuildFile; fileRef = 37C1E1F2296EE6A1001627CA /* Main.storyboard */; };
		37C1E1F6296EE6A4001627CA /* Assets.xcassets in Resources */ = {isa = PBXBuildFile; fileRef = 37C1E1F5296EE6A4001627CA /* Assets.xcassets */; };
		37C1E1F9296EE6A4001627CA /* LaunchScreen.storyboard in Resources */ = {isa = PBXBuildFile; fileRef = 37C1E1F7296EE6A4001627CA /* LaunchScreen.storyboard */; };
		37C1E204296EE6A4001627CA /* RxEmployeeTests.swift in Sources */ = {isa = PBXBuildFile; fileRef = 37C1E203296EE6A4001627CA /* RxEmployeeTests.swift */; };
		37C1E20E296EE6A4001627CA /* RxEmployeeUITests.swift in Sources */ = {isa = PBXBuildFile; fileRef = 37C1E20D296EE6A4001627CA /* RxEmployeeUITests.swift */; };
		37C1E210296EE6A4001627CA /* RxEmployeeUITestsLaunchTests.swift in Sources */ = {isa = PBXBuildFile; fileRef = 37C1E20F296EE6A4001627CA /* RxEmployeeUITestsLaunchTests.swift */; };
		37C1E224296EF712001627CA /* LoginViewController.swift in Sources */ = {isa = PBXBuildFile; fileRef = 37C1E223296EF712001627CA /* LoginViewController.swift */; };
		37C1E226296EF736001627CA /* EmployeesViewController.swift in Sources */ = {isa = PBXBuildFile; fileRef = 37C1E225296EF736001627CA /* EmployeesViewController.swift */; };
		37C1E229296EF754001627CA /* EmployeeDetailsViewController.swift in Sources */ = {isa = PBXBuildFile; fileRef = 37C1E228296EF754001627CA /* EmployeeDetailsViewController.swift */; };
		37C1E22B296EF77A001627CA /* LoginViewModel.swift in Sources */ = {isa = PBXBuildFile; fileRef = 37C1E22A296EF77A001627CA /* LoginViewModel.swift */; };
		37C1E22D296EF7B2001627CA /* EmployeeViewModel.swift in Sources */ = {isa = PBXBuildFile; fileRef = 37C1E22C296EF7B2001627CA /* EmployeeViewModel.swift */; };
		37C1E22F296EF7BF001627CA /* EmployeeDetailsViewModel.swift in Sources */ = {isa = PBXBuildFile; fileRef = 37C1E22E296EF7BF001627CA /* EmployeeDetailsViewModel.swift */; };
		37C1E231296EFA9B001627CA /* Coordinator.swift in Sources */ = {isa = PBXBuildFile; fileRef = 37C1E230296EFA9B001627CA /* Coordinator.swift */; };
		37F203AB296FCD64009A18E9 /* EmployeeCell.swift in Sources */ = {isa = PBXBuildFile; fileRef = 37F203AA296FCD64009A18E9 /* EmployeeCell.swift */; };
		37F203AD296FCFE9009A18E9 /* LocalDataManager.swift in Sources */ = {isa = PBXBuildFile; fileRef = 37F203AC296FCFE9009A18E9 /* LocalDataManager.swift */; };
		37F203B0296FD2D6009A18E9 /* EmployeeModel.swift in Sources */ = {isa = PBXBuildFile; fileRef = 37F203AF296FD2D6009A18E9 /* EmployeeModel.swift */; };
		8208C4FC44211C6C8E113BF6 /* Pods_RxEmployee.framework in Frameworks */ = {isa = PBXBuildFile; fileRef = 2801848795C8D833A8DC3769 /* Pods_RxEmployee.framework */; };
		986FB5AD820968B3093E4725 /* Pods_RxEmployeeTests.framework in Frameworks */ = {isa = PBXBuildFile; fileRef = 86777AE92C58BF6954C618A1 /* Pods_RxEmployeeTests.framework */; };
		E3BF83ACBE746C803662953D /* Pods_RxEmployee_RxEmployeeUITests.framework in Frameworks */ = {isa = PBXBuildFile; fileRef = 7BAFDFFA23860C6F1C89C8C9 /* Pods_RxEmployee_RxEmployeeUITests.framework */; };
/* End PBXBuildFile section */

/* Begin PBXContainerItemProxy section */
		37C1E200296EE6A4001627CA /* PBXContainerItemProxy */ = {
			isa = PBXContainerItemProxy;
			containerPortal = 37C1E1E1296EE6A1001627CA /* Project object */;
			proxyType = 1;
			remoteGlobalIDString = 37C1E1E8296EE6A1001627CA;
			remoteInfo = RxEmployee;
		};
		37C1E20A296EE6A4001627CA /* PBXContainerItemProxy */ = {
			isa = PBXContainerItemProxy;
			containerPortal = 37C1E1E1296EE6A1001627CA /* Project object */;
			proxyType = 1;
			remoteGlobalIDString = 37C1E1E8296EE6A1001627CA;
			remoteInfo = RxEmployee;
		};
/* End PBXContainerItemProxy section */

/* Begin PBXFileReference section */
		2801848795C8D833A8DC3769 /* Pods_RxEmployee.framework */ = {isa = PBXFileReference; explicitFileType = wrapper.framework; includeInIndex = 0; path = Pods_RxEmployee.framework; sourceTree = BUILT_PRODUCTS_DIR; };
		37C1E1E9296EE6A1001627CA /* RxEmployee.app */ = {isa = PBXFileReference; explicitFileType = wrapper.application; includeInIndex = 0; path = RxEmployee.app; sourceTree = BUILT_PRODUCTS_DIR; };
		37C1E1EC296EE6A1001627CA /* AppDelegate.swift */ = {isa = PBXFileReference; lastKnownFileType = sourcecode.swift; path = AppDelegate.swift; sourceTree = "<group>"; };
		37C1E1EE296EE6A1001627CA /* SceneDelegate.swift */ = {isa = PBXFileReference; lastKnownFileType = sourcecode.swift; path = SceneDelegate.swift; sourceTree = "<group>"; };
		37C1E1F3296EE6A1001627CA /* Base */ = {isa = PBXFileReference; lastKnownFileType = file.storyboard; name = Base; path = Base.lproj/Main.storyboard; sourceTree = "<group>"; };
		37C1E1F5296EE6A4001627CA /* Assets.xcassets */ = {isa = PBXFileReference; lastKnownFileType = folder.assetcatalog; path = Assets.xcassets; sourceTree = "<group>"; };
		37C1E1F8296EE6A4001627CA /* Base */ = {isa = PBXFileReference; lastKnownFileType = file.storyboard; name = Base; path = Base.lproj/LaunchScreen.storyboard; sourceTree = "<group>"; };
		37C1E1FA296EE6A4001627CA /* Info.plist */ = {isa = PBXFileReference; lastKnownFileType = text.plist.xml; path = Info.plist; sourceTree = "<group>"; };
		37C1E1FF296EE6A4001627CA /* RxEmployeeTests.xctest */ = {isa = PBXFileReference; explicitFileType = wrapper.cfbundle; includeInIndex = 0; path = RxEmployeeTests.xctest; sourceTree = BUILT_PRODUCTS_DIR; };
		37C1E203296EE6A4001627CA /* RxEmployeeTests.swift */ = {isa = PBXFileReference; lastKnownFileType = sourcecode.swift; path = RxEmployeeTests.swift; sourceTree = "<group>"; };
		37C1E209296EE6A4001627CA /* RxEmployeeUITests.xctest */ = {isa = PBXFileReference; explicitFileType = wrapper.cfbundle; includeInIndex = 0; path = RxEmployeeUITests.xctest; sourceTree = BUILT_PRODUCTS_DIR; };
		37C1E20D296EE6A4001627CA /* RxEmployeeUITests.swift */ = {isa = PBXFileReference; lastKnownFileType = sourcecode.swift; path = RxEmployeeUITests.swift; sourceTree = "<group>"; };
		37C1E20F296EE6A4001627CA /* RxEmployeeUITestsLaunchTests.swift */ = {isa = PBXFileReference; lastKnownFileType = sourcecode.swift; path = RxEmployeeUITestsLaunchTests.swift; sourceTree = "<group>"; };
		37C1E223296EF712001627CA /* LoginViewController.swift */ = {isa = PBXFileReference; lastKnownFileType = sourcecode.swift; path = LoginViewController.swift; sourceTree = "<group>"; };
		37C1E225296EF736001627CA /* EmployeesViewController.swift */ = {isa = PBXFileReference; lastKnownFileType = sourcecode.swift; path = EmployeesViewController.swift; sourceTree = "<group>"; };
		37C1E228296EF754001627CA /* EmployeeDetailsViewController.swift */ = {isa = PBXFileReference; lastKnownFileType = sourcecode.swift; path = EmployeeDetailsViewController.swift; sourceTree = "<group>"; };
		37C1E22A296EF77A001627CA /* LoginViewModel.swift */ = {isa = PBXFileReference; lastKnownFileType = sourcecode.swift; path = LoginViewModel.swift; sourceTree = "<group>"; };
		37C1E22C296EF7B2001627CA /* EmployeeViewModel.swift */ = {isa = PBXFileReference; lastKnownFileType = sourcecode.swift; path = EmployeeViewModel.swift; sourceTree = "<group>"; };
		37C1E22E296EF7BF001627CA /* EmployeeDetailsViewModel.swift */ = {isa = PBXFileReference; lastKnownFileType = sourcecode.swift; path = EmployeeDetailsViewModel.swift; sourceTree = "<group>"; };
		37C1E230296EFA9B001627CA /* Coordinator.swift */ = {isa = PBXFileReference; lastKnownFileType = sourcecode.swift; path = Coordinator.swift; sourceTree = "<group>"; };
		37F203AA296FCD64009A18E9 /* EmployeeCell.swift */ = {isa = PBXFileReference; lastKnownFileType = sourcecode.swift; path = EmployeeCell.swift; sourceTree = "<group>"; };
		37F203AC296FCFE9009A18E9 /* LocalDataManager.swift */ = {isa = PBXFileReference; lastKnownFileType = sourcecode.swift; path = LocalDataManager.swift; sourceTree = "<group>"; };
		37F203AF296FD2D6009A18E9 /* EmployeeModel.swift */ = {isa = PBXFileReference; lastKnownFileType = sourcecode.swift; path = EmployeeModel.swift; sourceTree = "<group>"; };
		4A6DD23B029F6E562625CED6 /* Pods-RxEmployeeTests.release.xcconfig */ = {isa = PBXFileReference; includeInIndex = 1; lastKnownFileType = text.xcconfig; name = "Pods-RxEmployeeTests.release.xcconfig"; path = "Target Support Files/Pods-RxEmployeeTests/Pods-RxEmployeeTests.release.xcconfig"; sourceTree = "<group>"; };
		5807055165031A7150E8D108 /* Pods-RxEmployee-RxEmployeeUITests.debug.xcconfig */ = {isa = PBXFileReference; includeInIndex = 1; lastKnownFileType = text.xcconfig; name = "Pods-RxEmployee-RxEmployeeUITests.debug.xcconfig"; path = "Target Support Files/Pods-RxEmployee-RxEmployeeUITests/Pods-RxEmployee-RxEmployeeUITests.debug.xcconfig"; sourceTree = "<group>"; };
		7BAFDFFA23860C6F1C89C8C9 /* Pods_RxEmployee_RxEmployeeUITests.framework */ = {isa = PBXFileReference; explicitFileType = wrapper.framework; includeInIndex = 0; path = Pods_RxEmployee_RxEmployeeUITests.framework; sourceTree = BUILT_PRODUCTS_DIR; };
		86777AE92C58BF6954C618A1 /* Pods_RxEmployeeTests.framework */ = {isa = PBXFileReference; explicitFileType = wrapper.framework; includeInIndex = 0; path = Pods_RxEmployeeTests.framework; sourceTree = BUILT_PRODUCTS_DIR; };
		9C57FE0E5419BEE3E455760D /* Pods-RxEmployee.release.xcconfig */ = {isa = PBXFileReference; includeInIndex = 1; lastKnownFileType = text.xcconfig; name = "Pods-RxEmployee.release.xcconfig"; path = "Target Support Files/Pods-RxEmployee/Pods-RxEmployee.release.xcconfig"; sourceTree = "<group>"; };
		9CEFF016AB3F6FF56034B747 /* Pods-RxEmployee.debug.xcconfig */ = {isa = PBXFileReference; includeInIndex = 1; lastKnownFileType = text.xcconfig; name = "Pods-RxEmployee.debug.xcconfig"; path = "Target Support Files/Pods-RxEmployee/Pods-RxEmployee.debug.xcconfig"; sourceTree = "<group>"; };
		BBE3854EB8366AECFFFB4161 /* Pods-RxEmployeeTests.debug.xcconfig */ = {isa = PBXFileReference; includeInIndex = 1; lastKnownFileType = text.xcconfig; name = "Pods-RxEmployeeTests.debug.xcconfig"; path = "Target Support Files/Pods-RxEmployeeTests/Pods-RxEmployeeTests.debug.xcconfig"; sourceTree = "<group>"; };
		EE9ABFC6240BB433A906B9AA /* Pods-RxEmployee-RxEmployeeUITests.release.xcconfig */ = {isa = PBXFileReference; includeInIndex = 1; lastKnownFileType = text.xcconfig; name = "Pods-RxEmployee-RxEmployeeUITests.release.xcconfig"; path = "Target Support Files/Pods-RxEmployee-RxEmployeeUITests/Pods-RxEmployee-RxEmployeeUITests.release.xcconfig"; sourceTree = "<group>"; };
/* End PBXFileReference section */

/* Begin PBXFrameworksBuildPhase section */
		37C1E1E6296EE6A1001627CA /* Frameworks */ = {
			isa = PBXFrameworksBuildPhase;
			buildActionMask = 2147483647;
			files = (
				8208C4FC44211C6C8E113BF6 /* Pods_RxEmployee.framework in Frameworks */,
			);
			runOnlyForDeploymentPostprocessing = 0;
		};
		37C1E1FC296EE6A4001627CA /* Frameworks */ = {
			isa = PBXFrameworksBuildPhase;
			buildActionMask = 2147483647;
			files = (
				986FB5AD820968B3093E4725 /* Pods_RxEmployeeTests.framework in Frameworks */,
			);
			runOnlyForDeploymentPostprocessing = 0;
		};
		37C1E206296EE6A4001627CA /* Frameworks */ = {
			isa = PBXFrameworksBuildPhase;
			buildActionMask = 2147483647;
			files = (
				E3BF83ACBE746C803662953D /* Pods_RxEmployee_RxEmployeeUITests.framework in Frameworks */,
			);
			runOnlyForDeploymentPostprocessing = 0;
		};
/* End PBXFrameworksBuildPhase section */

/* Begin PBXGroup section */
		121BDE044DA87F93254ADAE7 /* Pods */ = {
			isa = PBXGroup;
			children = (
				9CEFF016AB3F6FF56034B747 /* Pods-RxEmployee.debug.xcconfig */,
				9C57FE0E5419BEE3E455760D /* Pods-RxEmployee.release.xcconfig */,
				5807055165031A7150E8D108 /* Pods-RxEmployee-RxEmployeeUITests.debug.xcconfig */,
				EE9ABFC6240BB433A906B9AA /* Pods-RxEmployee-RxEmployeeUITests.release.xcconfig */,
				BBE3854EB8366AECFFFB4161 /* Pods-RxEmployeeTests.debug.xcconfig */,
				4A6DD23B029F6E562625CED6 /* Pods-RxEmployeeTests.release.xcconfig */,
			);
			path = Pods;
			sourceTree = "<group>";
		};
		37C1E1E0296EE6A1001627CA = {
			isa = PBXGroup;
			children = (
				37C1E1EB296EE6A1001627CA /* RxEmployee */,
				37C1E202296EE6A4001627CA /* RxEmployeeTests */,
				37C1E20C296EE6A4001627CA /* RxEmployeeUITests */,
				37C1E1EA296EE6A1001627CA /* Products */,
				121BDE044DA87F93254ADAE7 /* Pods */,
				44C49DA9F1A721B646628A01 /* Frameworks */,
			);
			sourceTree = "<group>";
		};
		37C1E1EA296EE6A1001627CA /* Products */ = {
			isa = PBXGroup;
			children = (
				37C1E1E9296EE6A1001627CA /* RxEmployee.app */,
				37C1E1FF296EE6A4001627CA /* RxEmployeeTests.xctest */,
				37C1E209296EE6A4001627CA /* RxEmployeeUITests.xctest */,
			);
			name = Products;
			sourceTree = "<group>";
		};
		37C1E1EB296EE6A1001627CA /* RxEmployee */ = {
			isa = PBXGroup;
			children = (
				37C1E222296EE98D001627CA /* Services */,
				37C1E221296EE96A001627CA /* Application */,
				37C1E21E296EE91D001627CA /* View */,
				37C1E21D296EE918001627CA /* Utils */,
				37C1E21C296EE905001627CA /* Modules */,
				37C1E1FA296EE6A4001627CA /* Info.plist */,
			);
			path = RxEmployee;
			sourceTree = "<group>";
		};
		37C1E202296EE6A4001627CA /* RxEmployeeTests */ = {
			isa = PBXGroup;
			children = (
				37C1E203296EE6A4001627CA /* RxEmployeeTests.swift */,
			);
			path = RxEmployeeTests;
			sourceTree = "<group>";
		};
		37C1E20C296EE6A4001627CA /* RxEmployeeUITests */ = {
			isa = PBXGroup;
			children = (
				37C1E20D296EE6A4001627CA /* RxEmployeeUITests.swift */,
				37C1E20F296EE6A4001627CA /* RxEmployeeUITestsLaunchTests.swift */,
			);
			path = RxEmployeeUITests;
			sourceTree = "<group>";
		};
		37C1E21C296EE905001627CA /* Modules */ = {
			isa = PBXGroup;
			children = (
				37C1E227296EF73D001627CA /* EmployeeDetails */,
				37C1E220296EE92A001627CA /* Employee */,
				37C1E21F296EE925001627CA /* Login */,
			);
			path = Modules;
			sourceTree = "<group>";
		};
		37C1E21D296EE918001627CA /* Utils */ = {
			isa = PBXGroup;
			children = (
			);
			path = Utils;
			sourceTree = "<group>";
		};
		37C1E21E296EE91D001627CA /* View */ = {
			isa = PBXGroup;
			children = (
				37C1E1F2296EE6A1001627CA /* Main.storyboard */,
				37C1E1F7296EE6A4001627CA /* LaunchScreen.storyboard */,
			);
			path = View;
			sourceTree = "<group>";
		};
		37C1E21F296EE925001627CA /* Login */ = {
			isa = PBXGroup;
			children = (
				37C1E223296EF712001627CA /* LoginViewController.swift */,
				37C1E22A296EF77A001627CA /* LoginViewModel.swift */,
			);
			path = Login;
			sourceTree = "<group>";
		};
		37C1E220296EE92A001627CA /* Employee */ = {
			isa = PBXGroup;
			children = (
				37F203AE296FD2C8009A18E9 /* Models */,
				37C1E225296EF736001627CA /* EmployeesViewController.swift */,
				37C1E22C296EF7B2001627CA /* EmployeeViewModel.swift */,
				37F203AA296FCD64009A18E9 /* EmployeeCell.swift */,
			);
			path = Employee;
			sourceTree = "<group>";
		};
		37C1E221296EE96A001627CA /* Application */ = {
			isa = PBXGroup;
			children = (
				37C1E1EC296EE6A1001627CA /* AppDelegate.swift */,
				37C1E1EE296EE6A1001627CA /* SceneDelegate.swift */,
				37C1E1F5296EE6A4001627CA /* Assets.xcassets */,
			);
			path = Application;
			sourceTree = "<group>";
		};
		37C1E222296EE98D001627CA /* Services */ = {
			isa = PBXGroup;
			children = (
				37C1E230296EFA9B001627CA /* Coordinator.swift */,
				37F203AC296FCFE9009A18E9 /* LocalDataManager.swift */,
			);
			path = Services;
			sourceTree = "<group>";
		};
		37C1E227296EF73D001627CA /* EmployeeDetails */ = {
			isa = PBXGroup;
			children = (
				37C1E228296EF754001627CA /* EmployeeDetailsViewController.swift */,
				37C1E22E296EF7BF001627CA /* EmployeeDetailsViewModel.swift */,
			);
			path = EmployeeDetails;
			sourceTree = "<group>";
		};
		37F203AE296FD2C8009A18E9 /* Models */ = {
			isa = PBXGroup;
			children = (
				37F203AF296FD2D6009A18E9 /* EmployeeModel.swift */,
			);
			path = Models;
			sourceTree = "<group>";
		};
		44C49DA9F1A721B646628A01 /* Frameworks */ = {
			isa = PBXGroup;
			children = (
				2801848795C8D833A8DC3769 /* Pods_RxEmployee.framework */,
				7BAFDFFA23860C6F1C89C8C9 /* Pods_RxEmployee_RxEmployeeUITests.framework */,
				86777AE92C58BF6954C618A1 /* Pods_RxEmployeeTests.framework */,
			);
			name = Frameworks;
			sourceTree = "<group>";
		};
/* End PBXGroup section */

/* Begin PBXNativeTarget section */
		37C1E1E8296EE6A1001627CA /* RxEmployee */ = {
			isa = PBXNativeTarget;
			buildConfigurationList = 37C1E213296EE6A4001627CA /* Build configuration list for PBXNativeTarget "RxEmployee" */;
			buildPhases = (
				4C15D946F53F9992BA262D01 /* [CP] Check Pods Manifest.lock */,
				37C1E1E5296EE6A1001627CA /* Sources */,
				37C1E1E6296EE6A1001627CA /* Frameworks */,
				37C1E1E7296EE6A1001627CA /* Resources */,
				578978FD6ADE4D7F14534986 /* [CP] Embed Pods Frameworks */,
			);
			buildRules = (
			);
			dependencies = (
			);
			name = RxEmployee;
			productName = RxEmployee;
			productReference = 37C1E1E9296EE6A1001627CA /* RxEmployee.app */;
			productType = "com.apple.product-type.application";
		};
		37C1E1FE296EE6A4001627CA /* RxEmployeeTests */ = {
			isa = PBXNativeTarget;
			buildConfigurationList = 37C1E216296EE6A4001627CA /* Build configuration list for PBXNativeTarget "RxEmployeeTests" */;
			buildPhases = (
				86FEB45EECF739EA1E31505D /* [CP] Check Pods Manifest.lock */,
				37C1E1FB296EE6A4001627CA /* Sources */,
				37C1E1FC296EE6A4001627CA /* Frameworks */,
				37C1E1FD296EE6A4001627CA /* Resources */,
				F8BEC26D7A351867206E23FD /* [CP] Embed Pods Frameworks */,
			);
			buildRules = (
			);
			dependencies = (
				37C1E201296EE6A4001627CA /* PBXTargetDependency */,
			);
			name = RxEmployeeTests;
			productName = RxEmployeeTests;
			productReference = 37C1E1FF296EE6A4001627CA /* RxEmployeeTests.xctest */;
			productType = "com.apple.product-type.bundle.unit-test";
		};
		37C1E208296EE6A4001627CA /* RxEmployeeUITests */ = {
			isa = PBXNativeTarget;
			buildConfigurationList = 37C1E219296EE6A4001627CA /* Build configuration list for PBXNativeTarget "RxEmployeeUITests" */;
			buildPhases = (
				0A6A51CE4DD70F70A18B644D /* [CP] Check Pods Manifest.lock */,
				37C1E205296EE6A4001627CA /* Sources */,
				37C1E206296EE6A4001627CA /* Frameworks */,
				37C1E207296EE6A4001627CA /* Resources */,
				C512311AAED6F11A9B994927 /* [CP] Embed Pods Frameworks */,
			);
			buildRules = (
			);
			dependencies = (
				37C1E20B296EE6A4001627CA /* PBXTargetDependency */,
			);
			name = RxEmployeeUITests;
			productName = RxEmployeeUITests;
			productReference = 37C1E209296EE6A4001627CA /* RxEmployeeUITests.xctest */;
			productType = "com.apple.product-type.bundle.ui-testing";
		};
/* End PBXNativeTarget section */

/* Begin PBXProject section */
		37C1E1E1296EE6A1001627CA /* Project object */ = {
			isa = PBXProject;
			attributes = {
				BuildIndependentTargetsInParallel = 1;
				LastSwiftUpdateCheck = 1330;
				LastUpgradeCheck = 1330;
				TargetAttributes = {
					37C1E1E8296EE6A1001627CA = {
						CreatedOnToolsVersion = 13.3.1;
					};
					37C1E1FE296EE6A4001627CA = {
						CreatedOnToolsVersion = 13.3.1;
						TestTargetID = 37C1E1E8296EE6A1001627CA;
					};
					37C1E208296EE6A4001627CA = {
						CreatedOnToolsVersion = 13.3.1;
						TestTargetID = 37C1E1E8296EE6A1001627CA;
					};
				};
			};
			buildConfigurationList = 37C1E1E4296EE6A1001627CA /* Build configuration list for PBXProject "RxEmployee" */;
			compatibilityVersion = "Xcode 13.0";
			developmentRegion = en;
			hasScannedForEncodings = 0;
			knownRegions = (
				en,
				Base,
			);
			mainGroup = 37C1E1E0296EE6A1001627CA;
			productRefGroup = 37C1E1EA296EE6A1001627CA /* Products */;
			projectDirPath = "";
			projectRoot = "";
			targets = (
				37C1E1E8296EE6A1001627CA /* RxEmployee */,
				37C1E1FE296EE6A4001627CA /* RxEmployeeTests */,
				37C1E208296EE6A4001627CA /* RxEmployeeUITests */,
			);
		};
/* End PBXProject section */

/* Begin PBXResourcesBuildPhase section */
		37C1E1E7296EE6A1001627CA /* Resources */ = {
			isa = PBXResourcesBuildPhase;
			buildActionMask = 2147483647;
			files = (
				37C1E1F9296EE6A4001627CA /* LaunchScreen.storyboard in Resources */,
				37C1E1F6296EE6A4001627CA /* Assets.xcassets in Resources */,
				37C1E1F4296EE6A1001627CA /* Main.storyboard in Resources */,
			);
			runOnlyForDeploymentPostprocessing = 0;
		};
		37C1E1FD296EE6A4001627CA /* Resources */ = {
			isa = PBXResourcesBuildPhase;
			buildActionMask = 2147483647;
			files = (
			);
			runOnlyForDeploymentPostprocessing = 0;
		};
		37C1E207296EE6A4001627CA /* Resources */ = {
			isa = PBXResourcesBuildPhase;
			buildActionMask = 2147483647;
			files = (
			);
			runOnlyForDeploymentPostprocessing = 0;
		};
/* End PBXResourcesBuildPhase section */

/* Begin PBXShellScriptBuildPhase section */
		0A6A51CE4DD70F70A18B644D /* [CP] Check Pods Manifest.lock */ = {
			isa = PBXShellScriptBuildPhase;
			buildActionMask = 2147483647;
			files = (
			);
			inputFileListPaths = (
			);
			inputPaths = (
				"${PODS_PODFILE_DIR_PATH}/Podfile.lock",
				"${PODS_ROOT}/Manifest.lock",
			);
			name = "[CP] Check Pods Manifest.lock";
			outputFileListPaths = (
			);
			outputPaths = (
				"$(DERIVED_FILE_DIR)/Pods-RxEmployee-RxEmployeeUITests-checkManifestLockResult.txt",
			);
			runOnlyForDeploymentPostprocessing = 0;
			shellPath = /bin/sh;
			shellScript = "diff \"${PODS_PODFILE_DIR_PATH}/Podfile.lock\" \"${PODS_ROOT}/Manifest.lock\" > /dev/null\nif [ $? != 0 ] ; then\n    # print error to STDERR\n    echo \"error: The sandbox is not in sync with the Podfile.lock. Run 'pod install' or update your CocoaPods installation.\" >&2\n    exit 1\nfi\n# This output is used by Xcode 'outputs' to avoid re-running this script phase.\necho \"SUCCESS\" > \"${SCRIPT_OUTPUT_FILE_0}\"\n";
			showEnvVarsInLog = 0;
		};
		4C15D946F53F9992BA262D01 /* [CP] Check Pods Manifest.lock */ = {
			isa = PBXShellScriptBuildPhase;
			buildActionMask = 2147483647;
			files = (
			);
			inputFileListPaths = (
			);
			inputPaths = (
				"${PODS_PODFILE_DIR_PATH}/Podfile.lock",
				"${PODS_ROOT}/Manifest.lock",
			);
			name = "[CP] Check Pods Manifest.lock";
			outputFileListPaths = (
			);
			outputPaths = (
				"$(DERIVED_FILE_DIR)/Pods-RxEmployee-checkManifestLockResult.txt",
			);
			runOnlyForDeploymentPostprocessing = 0;
			shellPath = /bin/sh;
			shellScript = "diff \"${PODS_PODFILE_DIR_PATH}/Podfile.lock\" \"${PODS_ROOT}/Manifest.lock\" > /dev/null\nif [ $? != 0 ] ; then\n    # print error to STDERR\n    echo \"error: The sandbox is not in sync with the Podfile.lock. Run 'pod install' or update your CocoaPods installation.\" >&2\n    exit 1\nfi\n# This output is used by Xcode 'outputs' to avoid re-running this script phase.\necho \"SUCCESS\" > \"${SCRIPT_OUTPUT_FILE_0}\"\n";
			showEnvVarsInLog = 0;
		};
		578978FD6ADE4D7F14534986 /* [CP] Embed Pods Frameworks */ = {
			isa = PBXShellScriptBuildPhase;
			buildActionMask = 2147483647;
			files = (
			);
			inputFileListPaths = (
				"${PODS_ROOT}/Target Support Files/Pods-RxEmployee/Pods-RxEmployee-frameworks-${CONFIGURATION}-input-files.xcfilelist",
			);
			name = "[CP] Embed Pods Frameworks";
			outputFileListPaths = (
				"${PODS_ROOT}/Target Support Files/Pods-RxEmployee/Pods-RxEmployee-frameworks-${CONFIGURATION}-output-files.xcfilelist",
			);
			runOnlyForDeploymentPostprocessing = 0;
			shellPath = /bin/sh;
			shellScript = "\"${PODS_ROOT}/Target Support Files/Pods-RxEmployee/Pods-RxEmployee-frameworks.sh\"\n";
			showEnvVarsInLog = 0;
		};
		86FEB45EECF739EA1E31505D /* [CP] Check Pods Manifest.lock */ = {
			isa = PBXShellScriptBuildPhase;
			buildActionMask = 2147483647;
			files = (
			);
			inputFileListPaths = (
			);
			inputPaths = (
				"${PODS_PODFILE_DIR_PATH}/Podfile.lock",
				"${PODS_ROOT}/Manifest.lock",
			);
			name = "[CP] Check Pods Manifest.lock";
			outputFileListPaths = (
			);
			outputPaths = (
				"$(DERIVED_FILE_DIR)/Pods-RxEmployeeTests-checkManifestLockResult.txt",
			);
			runOnlyForDeploymentPostprocessing = 0;
			shellPath = /bin/sh;
			shellScript = "diff \"${PODS_PODFILE_DIR_PATH}/Podfile.lock\" \"${PODS_ROOT}/Manifest.lock\" > /dev/null\nif [ $? != 0 ] ; then\n    # print error to STDERR\n    echo \"error: The sandbox is not in sync with the Podfile.lock. Run 'pod install' or update your CocoaPods installation.\" >&2\n    exit 1\nfi\n# This output is used by Xcode 'outputs' to avoid re-running this script phase.\necho \"SUCCESS\" > \"${SCRIPT_OUTPUT_FILE_0}\"\n";
			showEnvVarsInLog = 0;
		};
		C512311AAED6F11A9B994927 /* [CP] Embed Pods Frameworks */ = {
			isa = PBXShellScriptBuildPhase;
			buildActionMask = 2147483647;
			files = (
			);
			inputFileListPaths = (
				"${PODS_ROOT}/Target Support Files/Pods-RxEmployee-RxEmployeeUITests/Pods-RxEmployee-RxEmployeeUITests-frameworks-${CONFIGURATION}-input-files.xcfilelist",
			);
			name = "[CP] Embed Pods Frameworks";
			outputFileListPaths = (
				"${PODS_ROOT}/Target Support Files/Pods-RxEmployee-RxEmployeeUITests/Pods-RxEmployee-RxEmployeeUITests-frameworks-${CONFIGURATION}-output-files.xcfilelist",
			);
			runOnlyForDeploymentPostprocessing = 0;
			shellPath = /bin/sh;
			shellScript = "\"${PODS_ROOT}/Target Support Files/Pods-RxEmployee-RxEmployeeUITests/Pods-RxEmployee-RxEmployeeUITests-frameworks.sh\"\n";
			showEnvVarsInLog = 0;
		};
		F8BEC26D7A351867206E23FD /* [CP] Embed Pods Frameworks */ = {
			isa = PBXShellScriptBuildPhase;
			buildActionMask = 2147483647;
			files = (
			);
			inputFileListPaths = (
				"${PODS_ROOT}/Target Support Files/Pods-RxEmployeeTests/Pods-RxEmployeeTests-frameworks-${CONFIGURATION}-input-files.xcfilelist",
			);
			name = "[CP] Embed Pods Frameworks";
			outputFileListPaths = (
				"${PODS_ROOT}/Target Support Files/Pods-RxEmployeeTests/Pods-RxEmployeeTests-frameworks-${CONFIGURATION}-output-files.xcfilelist",
			);
			runOnlyForDeploymentPostprocessing = 0;
			shellPath = /bin/sh;
			shellScript = "\"${PODS_ROOT}/Target Support Files/Pods-RxEmployeeTests/Pods-RxEmployeeTests-frameworks.sh\"\n";
			showEnvVarsInLog = 0;
		};
/* End PBXShellScriptBuildPhase section */

/* Begin PBXSourcesBuildPhase section */
		37C1E1E5296EE6A1001627CA /* Sources */ = {
			isa = PBXSourcesBuildPhase;
			buildActionMask = 2147483647;
			files = (
				37C1E224296EF712001627CA /* LoginViewController.swift in Sources */,
				37C1E1ED296EE6A1001627CA /* AppDelegate.swift in Sources */,
				37C1E22D296EF7B2001627CA /* EmployeeViewModel.swift in Sources */,
				37F203B0296FD2D6009A18E9 /* EmployeeModel.swift in Sources */,
				37C1E22F296EF7BF001627CA /* EmployeeDetailsViewModel.swift in Sources */,
				37F203AD296FCFE9009A18E9 /* LocalDataManager.swift in Sources */,
				37C1E22B296EF77A001627CA /* LoginViewModel.swift in Sources */,
				37C1E229296EF754001627CA /* EmployeeDetailsViewController.swift in Sources */,
				37C1E226296EF736001627CA /* EmployeesViewController.swift in Sources */,
				37C1E1EF296EE6A1001627CA /* SceneDelegate.swift in Sources */,
				37C1E231296EFA9B001627CA /* Coordinator.swift in Sources */,
				37F203AB296FCD64009A18E9 /* EmployeeCell.swift in Sources */,
			);
			runOnlyForDeploymentPostprocessing = 0;
		};
		37C1E1FB296EE6A4001627CA /* Sources */ = {
			isa = PBXSourcesBuildPhase;
			buildActionMask = 2147483647;
			files = (
				37C1E204296EE6A4001627CA /* RxEmployeeTests.swift in Sources */,
			);
			runOnlyForDeploymentPostprocessing = 0;
		};
		37C1E205296EE6A4001627CA /* Sources */ = {
			isa = PBXSourcesBuildPhase;
			buildActionMask = 2147483647;
			files = (
				37C1E210296EE6A4001627CA /* RxEmployeeUITestsLaunchTests.swift in Sources */,
				37C1E20E296EE6A4001627CA /* RxEmployeeUITests.swift in Sources */,
			);
			runOnlyForDeploymentPostprocessing = 0;
		};
/* End PBXSourcesBuildPhase section */

/* Begin PBXTargetDependency section */
		37C1E201296EE6A4001627CA /* PBXTargetDependency */ = {
			isa = PBXTargetDependency;
			target = 37C1E1E8296EE6A1001627CA /* RxEmployee */;
			targetProxy = 37C1E200296EE6A4001627CA /* PBXContainerItemProxy */;
		};
		37C1E20B296EE6A4001627CA /* PBXTargetDependency */ = {
			isa = PBXTargetDependency;
			target = 37C1E1E8296EE6A1001627CA /* RxEmployee */;
			targetProxy = 37C1E20A296EE6A4001627CA /* PBXContainerItemProxy */;
		};
/* End PBXTargetDependency section */

/* Begin PBXVariantGroup section */
		37C1E1F2296EE6A1001627CA /* Main.storyboard */ = {
			isa = PBXVariantGroup;
			children = (
				37C1E1F3296EE6A1001627CA /* Base */,
			);
			name = Main.storyboard;
			sourceTree = "<group>";
		};
		37C1E1F7296EE6A4001627CA /* LaunchScreen.storyboard */ = {
			isa = PBXVariantGroup;
			children = (
				37C1E1F8296EE6A4001627CA /* Base */,
			);
			name = LaunchScreen.storyboard;
			sourceTree = "<group>";
		};
/* End PBXVariantGroup section */

/* Begin XCBuildConfiguration section */
		37C1E211296EE6A4001627CA /* Debug */ = {
			isa = XCBuildConfiguration;
			buildSettings = {
				ALWAYS_SEARCH_USER_PATHS = NO;
				CLANG_ANALYZER_NONNULL = YES;
				CLANG_ANALYZER_NUMBER_OBJECT_CONVERSION = YES_AGGRESSIVE;
				CLANG_CXX_LANGUAGE_STANDARD = "gnu++17";
				CLANG_ENABLE_MODULES = YES;
				CLANG_ENABLE_OBJC_ARC = YES;
				CLANG_ENABLE_OBJC_WEAK = YES;
				CLANG_WARN_BLOCK_CAPTURE_AUTORELEASING = YES;
				CLANG_WARN_BOOL_CONVERSION = YES;
				CLANG_WARN_COMMA = YES;
				CLANG_WARN_CONSTANT_CONVERSION = YES;
				CLANG_WARN_DEPRECATED_OBJC_IMPLEMENTATIONS = YES;
				CLANG_WARN_DIRECT_OBJC_ISA_USAGE = YES_ERROR;
				CLANG_WARN_DOCUMENTATION_COMMENTS = YES;
				CLANG_WARN_EMPTY_BODY = YES;
				CLANG_WARN_ENUM_CONVERSION = YES;
				CLANG_WARN_INFINITE_RECURSION = YES;
				CLANG_WARN_INT_CONVERSION = YES;
				CLANG_WARN_NON_LITERAL_NULL_CONVERSION = YES;
				CLANG_WARN_OBJC_IMPLICIT_RETAIN_SELF = YES;
				CLANG_WARN_OBJC_LITERAL_CONVERSION = YES;
				CLANG_WARN_OBJC_ROOT_CLASS = YES_ERROR;
				CLANG_WARN_QUOTED_INCLUDE_IN_FRAMEWORK_HEADER = YES;
				CLANG_WARN_RANGE_LOOP_ANALYSIS = YES;
				CLANG_WARN_STRICT_PROTOTYPES = YES;
				CLANG_WARN_SUSPICIOUS_MOVE = YES;
				CLANG_WARN_UNGUARDED_AVAILABILITY = YES_AGGRESSIVE;
				CLANG_WARN_UNREACHABLE_CODE = YES;
				CLANG_WARN__DUPLICATE_METHOD_MATCH = YES;
				COPY_PHASE_STRIP = NO;
				DEBUG_INFORMATION_FORMAT = dwarf;
				ENABLE_STRICT_OBJC_MSGSEND = YES;
				ENABLE_TESTABILITY = YES;
				GCC_C_LANGUAGE_STANDARD = gnu11;
				GCC_DYNAMIC_NO_PIC = NO;
				GCC_NO_COMMON_BLOCKS = YES;
				GCC_OPTIMIZATION_LEVEL = 0;
				GCC_PREPROCESSOR_DEFINITIONS = (
					"DEBUG=1",
					"$(inherited)",
				);
				GCC_WARN_64_TO_32_BIT_CONVERSION = YES;
				GCC_WARN_ABOUT_RETURN_TYPE = YES_ERROR;
				GCC_WARN_UNDECLARED_SELECTOR = YES;
				GCC_WARN_UNINITIALIZED_AUTOS = YES_AGGRESSIVE;
				GCC_WARN_UNUSED_FUNCTION = YES;
				GCC_WARN_UNUSED_VARIABLE = YES;
				IPHONEOS_DEPLOYMENT_TARGET = 15.4;
				MTL_ENABLE_DEBUG_INFO = INCLUDE_SOURCE;
				MTL_FAST_MATH = YES;
				ONLY_ACTIVE_ARCH = YES;
				SDKROOT = iphoneos;
				SWIFT_ACTIVE_COMPILATION_CONDITIONS = DEBUG;
				SWIFT_OPTIMIZATION_LEVEL = "-Onone";
			};
			name = Debug;
		};
		37C1E212296EE6A4001627CA /* Release */ = {
			isa = XCBuildConfiguration;
			buildSettings = {
				ALWAYS_SEARCH_USER_PATHS = NO;
				CLANG_ANALYZER_NONNULL = YES;
				CLANG_ANALYZER_NUMBER_OBJECT_CONVERSION = YES_AGGRESSIVE;
				CLANG_CXX_LANGUAGE_STANDARD = "gnu++17";
				CLANG_ENABLE_MODULES = YES;
				CLANG_ENABLE_OBJC_ARC = YES;
				CLANG_ENABLE_OBJC_WEAK = YES;
				CLANG_WARN_BLOCK_CAPTURE_AUTORELEASING = YES;
				CLANG_WARN_BOOL_CONVERSION = YES;
				CLANG_WARN_COMMA = YES;
				CLANG_WARN_CONSTANT_CONVERSION = YES;
				CLANG_WARN_DEPRECATED_OBJC_IMPLEMENTATIONS = YES;
				CLANG_WARN_DIRECT_OBJC_ISA_USAGE = YES_ERROR;
				CLANG_WARN_DOCUMENTATION_COMMENTS = YES;
				CLANG_WARN_EMPTY_BODY = YES;
				CLANG_WARN_ENUM_CONVERSION = YES;
				CLANG_WARN_INFINITE_RECURSION = YES;
				CLANG_WARN_INT_CONVERSION = YES;
				CLANG_WARN_NON_LITERAL_NULL_CONVERSION = YES;
				CLANG_WARN_OBJC_IMPLICIT_RETAIN_SELF = YES;
				CLANG_WARN_OBJC_LITERAL_CONVERSION = YES;
				CLANG_WARN_OBJC_ROOT_CLASS = YES_ERROR;
				CLANG_WARN_QUOTED_INCLUDE_IN_FRAMEWORK_HEADER = YES;
				CLANG_WARN_RANGE_LOOP_ANALYSIS = YES;
				CLANG_WARN_STRICT_PROTOTYPES = YES;
				CLANG_WARN_SUSPICIOUS_MOVE = YES;
				CLANG_WARN_UNGUARDED_AVAILABILITY = YES_AGGRESSIVE;
				CLANG_WARN_UNREACHABLE_CODE = YES;
				CLANG_WARN__DUPLICATE_METHOD_MATCH = YES;
				COPY_PHASE_STRIP = NO;
				DEBUG_INFORMATION_FORMAT = "dwarf-with-dsym";
				ENABLE_NS_ASSERTIONS = NO;
				ENABLE_STRICT_OBJC_MSGSEND = YES;
				GCC_C_LANGUAGE_STANDARD = gnu11;
				GCC_NO_COMMON_BLOCKS = YES;
				GCC_WARN_64_TO_32_BIT_CONVERSION = YES;
				GCC_WARN_ABOUT_RETURN_TYPE = YES_ERROR;
				GCC_WARN_UNDECLARED_SELECTOR = YES;
				GCC_WARN_UNINITIALIZED_AUTOS = YES_AGGRESSIVE;
				GCC_WARN_UNUSED_FUNCTION = YES;
				GCC_WARN_UNUSED_VARIABLE = YES;
				IPHONEOS_DEPLOYMENT_TARGET = 15.4;
				MTL_ENABLE_DEBUG_INFO = NO;
				MTL_FAST_MATH = YES;
				SDKROOT = iphoneos;
				SWIFT_COMPILATION_MODE = wholemodule;
				SWIFT_OPTIMIZATION_LEVEL = "-O";
				VALIDATE_PRODUCT = YES;
			};
			name = Release;
		};
		37C1E214296EE6A4001627CA /* Debug */ = {
			isa = XCBuildConfiguration;
			baseConfigurationReference = 9CEFF016AB3F6FF56034B747 /* Pods-RxEmployee.debug.xcconfig */;
			buildSettings = {
				ASSETCATALOG_COMPILER_APPICON_NAME = AppIcon;
				ASSETCATALOG_COMPILER_GLOBAL_ACCENT_COLOR_NAME = AccentColor;
				CODE_SIGN_STYLE = Automatic;
				CURRENT_PROJECT_VERSION = 1;
				DEVELOPMENT_TEAM = H6TW4Q2LNK;
				GENERATE_INFOPLIST_FILE = YES;
				INFOPLIST_FILE = RxEmployee/Info.plist;
				INFOPLIST_KEY_UIApplicationSupportsIndirectInputEvents = YES;
				INFOPLIST_KEY_UILaunchStoryboardName = LaunchScreen;
				INFOPLIST_KEY_UIMainStoryboardFile = Main;
				INFOPLIST_KEY_UISupportedInterfaceOrientations_iPad = "UIInterfaceOrientationPortrait UIInterfaceOrientationPortraitUpsideDown UIInterfaceOrientationLandscapeLeft UIInterfaceOrientationLandscapeRight";
				INFOPLIST_KEY_UISupportedInterfaceOrientations_iPhone = "UIInterfaceOrientationPortrait UIInterfaceOrientationLandscapeLeft UIInterfaceOrientationLandscapeRight";
				IPHONEOS_DEPLOYMENT_TARGET = 13.0;
				LD_RUNPATH_SEARCH_PATHS = (
					"$(inherited)",
					"@executable_path/Frameworks",
				);
				MARKETING_VERSION = 1.0;
				PRODUCT_BUNDLE_IDENTIFIER = com.test.RxEmployee;
				PRODUCT_NAME = "$(TARGET_NAME)";
				SWIFT_EMIT_LOC_STRINGS = YES;
				SWIFT_VERSION = 5.0;
				TARGETED_DEVICE_FAMILY = "1,2";
			};
			name = Debug;
		};
		37C1E215296EE6A4001627CA /* Release */ = {
			isa = XCBuildConfiguration;
			baseConfigurationReference = 9C57FE0E5419BEE3E455760D /* Pods-RxEmployee.release.xcconfig */;
			buildSettings = {
				ASSETCATALOG_COMPILER_APPICON_NAME = AppIcon;
				ASSETCATALOG_COMPILER_GLOBAL_ACCENT_COLOR_NAME = AccentColor;
				CODE_SIGN_STYLE = Automatic;
				CURRENT_PROJECT_VERSION = 1;
				DEVELOPMENT_TEAM = H6TW4Q2LNK;
				GENERATE_INFOPLIST_FILE = YES;
				INFOPLIST_FILE = RxEmployee/Info.plist;
				INFOPLIST_KEY_UIApplicationSupportsIndirectInputEvents = YES;
				INFOPLIST_KEY_UILaunchStoryboardName = LaunchScreen;
				INFOPLIST_KEY_UIMainStoryboardFile = Main;
				INFOPLIST_KEY_UISupportedInterfaceOrientations_iPad = "UIInterfaceOrientationPortrait UIInterfaceOrientationPortraitUpsideDown UIInterfaceOrientationLandscapeLeft UIInterfaceOrientationLandscapeRight";
				INFOPLIST_KEY_UISupportedInterfaceOrientations_iPhone = "UIInterfaceOrientationPortrait UIInterfaceOrientationLandscapeLeft UIInterfaceOrientationLandscapeRight";
				IPHONEOS_DEPLOYMENT_TARGET = 13.0;
				LD_RUNPATH_SEARCH_PATHS = (
					"$(inherited)",
					"@executable_path/Frameworks",
				);
				MARKETING_VERSION = 1.0;
				PRODUCT_BUNDLE_IDENTIFIER = com.test.RxEmployee;
				PRODUCT_NAME = "$(TARGET_NAME)";
				SWIFT_EMIT_LOC_STRINGS = YES;
				SWIFT_VERSION = 5.0;
				TARGETED_DEVICE_FAMILY = "1,2";
			};
			name = Release;
		};
		37C1E217296EE6A4001627CA /* Debug */ = {
			isa = XCBuildConfiguration;
			baseConfigurationReference = BBE3854EB8366AECFFFB4161 /* Pods-RxEmployeeTests.debug.xcconfig */;
			buildSettings = {
				ALWAYS_EMBED_SWIFT_STANDARD_LIBRARIES = YES;
				BUNDLE_LOADER = "$(TEST_HOST)";
				CODE_SIGN_STYLE = Automatic;
				CURRENT_PROJECT_VERSION = 1;
				DEVELOPMENT_TEAM = H6TW4Q2LNK;
				GENERATE_INFOPLIST_FILE = YES;
				IPHONEOS_DEPLOYMENT_TARGET = 15.4;
				MARKETING_VERSION = 1.0;
				PRODUCT_BUNDLE_IDENTIFIER = com.test.RxEmployeeTests;
				PRODUCT_NAME = "$(TARGET_NAME)";
				SWIFT_EMIT_LOC_STRINGS = NO;
				SWIFT_VERSION = 5.0;
				TARGETED_DEVICE_FAMILY = "1,2";
				TEST_HOST = "$(BUILT_PRODUCTS_DIR)/RxEmployee.app/RxEmployee";
			};
			name = Debug;
		};
		37C1E218296EE6A4001627CA /* Release */ = {
			isa = XCBuildConfiguration;
			baseConfigurationReference = 4A6DD23B029F6E562625CED6 /* Pods-RxEmployeeTests.release.xcconfig */;
			buildSettings = {
				ALWAYS_EMBED_SWIFT_STANDARD_LIBRARIES = YES;
				BUNDLE_LOADER = "$(TEST_HOST)";
				CODE_SIGN_STYLE = Automatic;
				CURRENT_PROJECT_VERSION = 1;
				DEVELOPMENT_TEAM = H6TW4Q2LNK;
				GENERATE_INFOPLIST_FILE = YES;
				IPHONEOS_DEPLOYMENT_TARGET = 15.4;
				MARKETING_VERSION = 1.0;
				PRODUCT_BUNDLE_IDENTIFIER = com.test.RxEmployeeTests;
				PRODUCT_NAME = "$(TARGET_NAME)";
				SWIFT_EMIT_LOC_STRINGS = NO;
				SWIFT_VERSION = 5.0;
				TARGETED_DEVICE_FAMILY = "1,2";
				TEST_HOST = "$(BUILT_PRODUCTS_DIR)/RxEmployee.app/RxEmployee";
			};
			name = Release;
		};
		37C1E21A296EE6A4001627CA /* Debug */ = {
			isa = XCBuildConfiguration;
			baseConfigurationReference = 5807055165031A7150E8D108 /* Pods-RxEmployee-RxEmployeeUITests.debug.xcconfig */;
			buildSettings = {
				ALWAYS_EMBED_SWIFT_STANDARD_LIBRARIES = YES;
				CODE_SIGN_STYLE = Automatic;
				CURRENT_PROJECT_VERSION = 1;
				DEVELOPMENT_TEAM = H6TW4Q2LNK;
				GENERATE_INFOPLIST_FILE = YES;
				MARKETING_VERSION = 1.0;
				PRODUCT_BUNDLE_IDENTIFIER = com.test.RxEmployeeUITests;
				PRODUCT_NAME = "$(TARGET_NAME)";
				SWIFT_EMIT_LOC_STRINGS = NO;
				SWIFT_VERSION = 5.0;
				TARGETED_DEVICE_FAMILY = "1,2";
				TEST_TARGET_NAME = RxEmployee;
			};
			name = Debug;
		};
		37C1E21B296EE6A4001627CA /* Release */ = {
			isa = XCBuildConfiguration;
			baseConfigurationReference = EE9ABFC6240BB433A906B9AA /* Pods-RxEmployee-RxEmployeeUITests.release.xcconfig */;
			buildSettings = {
				ALWAYS_EMBED_SWIFT_STANDARD_LIBRARIES = YES;
				CODE_SIGN_STYLE = Automatic;
				CURRENT_PROJECT_VERSION = 1;
				DEVELOPMENT_TEAM = H6TW4Q2LNK;
				GENERATE_INFOPLIST_FILE = YES;
				MARKETING_VERSION = 1.0;
				PRODUCT_BUNDLE_IDENTIFIER = com.test.RxEmployeeUITests;
				PRODUCT_NAME = "$(TARGET_NAME)";
				SWIFT_EMIT_LOC_STRINGS = NO;
				SWIFT_VERSION = 5.0;
				TARGETED_DEVICE_FAMILY = "1,2";
				TEST_TARGET_NAME = RxEmployee;
			};
			name = Release;
		};
/* End XCBuildConfiguration section */

/* Begin XCConfigurationList section */
		37C1E1E4296EE6A1001627CA /* Build configuration list for PBXProject "RxEmployee" */ = {
			isa = XCConfigurationList;
			buildConfigurations = (
				37C1E211296EE6A4001627CA /* Debug */,
				37C1E212296EE6A4001627CA /* Release */,
			);
			defaultConfigurationIsVisible = 0;
			defaultConfigurationName = Release;
		};
		37C1E213296EE6A4001627CA /* Build configuration list for PBXNativeTarget "RxEmployee" */ = {
			isa = XCConfigurationList;
			buildConfigurations = (
				37C1E214296EE6A4001627CA /* Debug */,
				37C1E215296EE6A4001627CA /* Release */,
			);
			defaultConfigurationIsVisible = 0;
			defaultConfigurationName = Release;
		};
		37C1E216296EE6A4001627CA /* Build configuration list for PBXNativeTarget "RxEmployeeTests" */ = {
			isa = XCConfigurationList;
			buildConfigurations = (
				37C1E217296EE6A4001627CA /* Debug */,
				37C1E218296EE6A4001627CA /* Release */,
			);
			defaultConfigurationIsVisible = 0;
			defaultConfigurationName = Release;
		};
		37C1E219296EE6A4001627CA /* Build configuration list for PBXNativeTarget "RxEmployeeUITests" */ = {
			isa = XCConfigurationList;
			buildConfigurations = (
				37C1E21A296EE6A4001627CA /* Debug */,
				37C1E21B296EE6A4001627CA /* Release */,
			);
			defaultConfigurationIsVisible = 0;
			defaultConfigurationName = Release;
		};
/* End XCConfigurationList section */
	};
	rootObject = 37C1E1E1296EE6A1001627CA /* Project object */;
}
